
Microsoft Visual Studio Solution File, Format Version 12.00
# Visual Studio Version 17
VisualStudioVersion = 17.4.33403.182
MinimumVisualStudioVersion = 10.0.40219.1
Project("{FAE04EC0-301F-11D3-BF4B-00C04F79EFBC}") = "ClinicWFA", "WindowsFormsApp2\ClinicWFA.csproj", "{821B128B-5936-4D36-9207-9A1CFA3C8DF8}"
EndProject
Project("{FAE04EC0-301F-11D3-BF4B-00C04F79EFBC}") = "ClinicTests", "ClinicTests\ClinicTests.csproj", "{29FA417B-8804-4188-9B33-D19B03131057}"
EndProject
Global
	GlobalSection(SolutionConfigurationPlatforms) = preSolution
		Debug|Any CPU = Debug|Any CPU
		Release|Any CPU = Release|Any CPU
	EndGlobalSection
	GlobalSection(ProjectConfigurationPlatforms) = postSolution
		{821B128B-5936-4D36-9207-9A1CFA3C8DF8}.Debug|Any CPU.ActiveCfg = Debug|Any CPU
		{821B128B-5936-4D36-9207-9A1CFA3C8DF8}.Debug|Any CPU.Build.0 = Debug|Any CPU
		{821B128B-5936-4D36-9207-9A1CFA3C8DF8}.Release|Any CPU.ActiveCfg = Release|Any CPU
		{821B128B-5936-4D36-9207-9A1CFA3C8DF8}.Release|Any CPU.Build.0 = Release|Any CPU
		{29FA417B-8804-4188-9B33-D19B03131057}.Debug|Any CPU.ActiveCfg = Debug|Any CPU
		{29FA417B-8804-4188-9B33-D19B03131057}.Debug|Any CPU.Build.0 = Debug|Any CPU
		{29FA417B-8804-4188-9B33-D19B03131057}.Release|Any CPU.ActiveCfg = Release|Any CPU
		{29FA417B-8804-4188-9B33-D19B03131057}.Release|Any CPU.Build.0 = Release|Any CPU
	EndGlobalSection
	GlobalSection(SolutionProperties) = preSolution
		HideSolutionNode = FALSE
	EndGlobalSection
	GlobalSection(ExtensibilityGlobals) = postSolution
		SolutionGuid = {15AC5758-A89B-434F-91B6-7406D1B9B35C}
	EndGlobalSection
EndGlobal
